
Microsoft Visual Studio Solution File, Format Version 12.00
# Visual Studio Version 16
VisualStudioVersion = 16.0.31702.278
MinimumVisualStudioVersion = 10.0.40219.1
Project("{FAE04EC0-301F-11D3-BF4B-00C04F79EFBC}") = "desafio_06", "desafio_06\desafio_06.csproj", "{867F8765-DDE3-4490-B6A9-6A1D5E34C36D}"
EndProject
Global
	GlobalSection(SolutionConfigurationPlatforms) = preSolution
		Debug|Any CPU = Debug|Any CPU
		Release|Any CPU = Release|Any CPU
	EndGlobalSection
	GlobalSection(ProjectConfigurationPlatforms) = postSolution
		{867F8765-DDE3-4490-B6A9-6A1D5E34C36D}.Debug|Any CPU.ActiveCfg = Debug|Any CPU
		{867F8765-DDE3-4490-B6A9-6A1D5E34C36D}.Debug|Any CPU.Build.0 = Debug|Any CPU
		{867F8765-DDE3-4490-B6A9-6A1D5E34C36D}.Release|Any CPU.ActiveCfg = Release|Any CPU
		{867F8765-DDE3-4490-B6A9-6A1D5E34C36D}.Release|Any CPU.Build.0 = Release|Any CPU
	EndGlobalSection
	GlobalSection(SolutionProperties) = preSolution
		HideSolutionNode = FALSE
	EndGlobalSection
	GlobalSection(ExtensibilityGlobals) = postSolution
		SolutionGuid = {F80F04A8-FDEA-403A-88A0-74B4AE3653B4}
	EndGlobalSection
EndGlobal
